Microsoft Visual Studio Solution File, Format Version 8.00
Project("{FAE04EC0-301F-11D3-BF4B-00C04F79EFBC}") = "Enigma", "Enigma.csproj", "{17571602-6775-4DE0-A2FF-9741309171CD}"
	ProjectSection(ProjectDependencies) = postProject
	EndProjectSection
EndProject
Global
	GlobalSection(SolutionConfiguration) = preSolution
		Debug = Debug
		Release = Release
	EndGlobalSection
	GlobalSection(ProjectConfiguration) = postSolution
		{17571602-6775-4DE0-A2FF-9741309171CD}.Debug.ActiveCfg = Debug|.NET
		{17571602-6775-4DE0-A2FF-9741309171CD}.Debug.Build.0 = Debug|.NET
		{17571602-6775-4DE0-A2FF-9741309171CD}.Release.ActiveCfg = Release|.NET
		{17571602-6775-4DE0-A2FF-9741309171CD}.Release.Build.0 = Release|.NET
	EndGlobalSection
	GlobalSection(ExtensibilityGlobals) = postSolution
	EndGlobalSection
	GlobalSection(ExtensibilityAddIns) = postSolution
	EndGlobalSection
EndGlobal
